// !$*UTF8*$!
{
	archiveVersion = 1;
	classes = {
	};
	objectVersion = 50;
	objects = {

/* Begin PBXBuildFile section */
		891CC3CB2176333600C71191 /* main.m in Sources */ = {isa = PBXBuildFile; fileRef = 891CC3CA2176333600C71191 /* main.m */; };
		891CC3EE21763E8600C71191 /* AppIcon.json in Copy Files */ = {isa = PBXBuildFile; fileRef = 891CC3E621763A3700C71191 /* AppIcon.json */; };
		891CC3EF21763E8600C71191 /* Contents.json in Copy Files */ = {isa = PBXBuildFile; fileRef = 891CC3E721763A7D00C71191 /* Contents.json */; };
		891CC3F021763E8600C71191 /* Universal.json in Copy Files */ = {isa = PBXBuildFile; fileRef = 891CC3E821763A9C00C71191 /* Universal.json */; };
/* End PBXBuildFile section */

/* Begin PBXCopyFilesBuildPhase section */
		891CC3C52176333600C71191 /* Copy Files */ = {
			isa = PBXCopyFilesBuildPhase;
			buildActionMask = 12;
			dstPath = "";
			dstSubfolderSpec = 7;
			files = (
				891CC3EE21763E8600C71191 /* AppIcon.json in Copy Files */,
				891CC3EF21763E8600C71191 /* Contents.json in Copy Files */,
				891CC3F021763E8600C71191 /* Universal.json in Copy Files */,
			);
			name = "Copy Files";
			runOnlyForDeploymentPostprocessing = 0;
		};
/* End PBXCopyFilesBuildPhase section */

/* Begin PBXFileReference section */
		891CC3C72176333600C71191 /* carify */ = {isa = PBXFileReference; explicitFileType = "compiled.mach-o.executable"; includeInIndex = 0; path = carify; sourceTree = BUILT_PRODUCTS_DIR; };
		891CC3CA2176333600C71191 /* main.m */ = {isa = PBXFileReference; lastKnownFileType = sourcecode.c.objc; path = main.m; sourceTree = "<group>"; };
		891CC3E621763A3700C71191 /* AppIcon.json */ = {isa = PBXFileReference; lastKnownFileType = text.json; path = AppIcon.json; sourceTree = "<group>"; };
		891CC3E721763A7D00C71191 /* Contents.json */ = {isa = PBXFileReference; lastKnownFileType = text.json; path = Contents.json; sourceTree = "<group>"; };
		891CC3E821763A9C00C71191 /* Universal.json */ = {isa = PBXFileReference; lastKnownFileType = text.json; path = Universal.json; sourceTree = "<group>"; };
/* End PBXFileReference section */

/* Begin PBXFrameworksBuildPhase section */
		891CC3C42176333600C71191 /* Frameworks */ = {
			isa = PBXFrameworksBuildPhase;
			buildActionMask = 2147483647;
			files = (
			);
			runOnlyForDeploymentPostprocessing = 0;
		};
/* End PBXFrameworksBuildPhase section */

/* Begin PBXGroup section */
		891CC3BE2176333600C71191 = {
			isa = PBXGroup;
			children = (
				891CC3C92176333600C71191 /* carify */,
				891CC3C82176333600C71191 /* Products */,
			);
			sourceTree = "<group>";
		};
		891CC3C82176333600C71191 /* Products */ = {
			isa = PBXGroup;
			children = (
				891CC3C72176333600C71191 /* carify */,
			);
			name = Products;
			sourceTree = "<group>";
		};
		891CC3C92176333600C71191 /* carify */ = {
			isa = PBXGroup;
			children = (
				891CC3E521763A1900C71191 /* Base */,
				891CC3CA2176333600C71191 /* main.m */,
			);
			path = carify;
			sourceTree = "<group>";
		};
		891CC3E521763A1900C71191 /* Base */ = {
			isa = PBXGroup;
			children = (
				891CC3E621763A3700C71191 /* AppIcon.json */,
				891CC3E721763A7D00C71191 /* Contents.json */,
				891CC3E821763A9C00C71191 /* Universal.json */,
			);
			path = Base;
			sourceTree = "<group>";
		};
/* End PBXGroup section */

/* Begin PBXNativeTarget section */
		891CC3C62176333600C71191 /* carify */ = {
			isa = PBXNativeTarget;
			buildConfigurationList = 891CC3CE2176333600C71191 /* Build configuration list for PBXNativeTarget "carify" */;
			buildPhases = (
				891CC3C32176333600C71191 /* Sources */,
				891CC3C42176333600C71191 /* Frameworks */,
				891CC3C52176333600C71191 /* Copy Files */,
			);
			buildRules = (
			);
			dependencies = (
			);
			name = carify;
			productName = carify;
			productReference = 891CC3C72176333600C71191 /* carify */;
			productType = "com.apple.product-type.tool";
		};
/* End PBXNativeTarget section */

/* Begin PBXProject section */
		891CC3BF2176333600C71191 /* Project object */ = {
			isa = PBXProject;
			attributes = {
				LastUpgradeCheck = 1000;
				ORGANIZATIONNAME = "Wilson Styres";
				TargetAttributes = {
					891CC3C62176333600C71191 = {
						CreatedOnToolsVersion = 10.0;
					};
				};
			};
			buildConfigurationList = 891CC3C22176333600C71191 /* Build configuration list for PBXProject "carify" */;
			compatibilityVersion = "Xcode 9.3";
			developmentRegion = en;
			hasScannedForEncodings = 0;
			knownRegions = (
				en,
			);
			mainGroup = 891CC3BE2176333600C71191;
			productRefGroup = 891CC3C82176333600C71191 /* Products */;
			projectDirPath = "";
			projectRoot = "";
			targets = (
				891CC3C62176333600C71191 /* carify */,
			);
		};
/* End PBXProject section */

/* Begin PBXSourcesBuildPhase section */
		891CC3C32176333600C71191 /* Sources */ = {
			isa = PBXSourcesBuildPhase;
			buildActionMask = 2147483647;
			files = (
				891CC3CB2176333600C71191 /* main.m in Sources */,
			);
			runOnlyForDeploymentPostprocessing = 0;
		};
/* End PBXSourcesBuildPhase section */

/* Begin XCBuildConfiguration section */
		891CC3CC2176333600C71191 /* Debug */ = {
			isa = XCBuildConfiguration;
			buildSettings = {
				ALWAYS_SEARCH_USER_PATHS = NO;
				CLANG_ANALYZER_NONNULL = YES;
				CLANG_ANALYZER_NUMBER_OBJECT_CONVERSION = YES_AGGRESSIVE;
				CLANG_CXX_LANGUAGE_STANDARD = "gnu++14";
				CLANG_CXX_LIBRARY = "libc++";
				CLANG_ENABLE_MODULES = YES;
				CLANG_ENABLE_OBJC_ARC = YES;
				CLANG_ENABLE_OBJC_WEAK = YES;
				CLANG_WARN_BLOCK_CAPTURE_AUTORELEASING = YES;
				CLANG_WARN_BOOL_CONVERSION = YES;
				CLANG_WARN_COMMA = YES;
				CLANG_WARN_CONSTANT_CONVERSION = YES;
				CLANG_WARN_DEPRECATED_OBJC_IMPLEMENTATIONS = YES;
				CLANG_WARN_DIRECT_OBJC_ISA_USAGE = YES_ERROR;
				CLANG_WARN_DOCUMENTATION_COMMENTS = YES;
				CLANG_WARN_EMPTY_BODY = YES;
				CLANG_WARN_ENUM_CONVERSION = YES;
				CLANG_WARN_INFINITE_RECURSION = YES;
				CLANG_WARN_INT_CONVERSION = YES;
				CLANG_WARN_NON_LITERAL_NULL_CONVERSION = YES;
				CLANG_WARN_OBJC_IMPLICIT_RETAIN_SELF = YES;
				CLANG_WARN_OBJC_LITERAL_CONVERSION = YES;
				CLANG_WARN_OBJC_ROOT_CLASS = YES_ERROR;
				CLANG_WARN_RANGE_LOOP_ANALYSIS = YES;
				CLANG_WARN_STRICT_PROTOTYPES = YES;
				CLANG_WARN_SUSPICIOUS_MOVE = YES;
				CLANG_WARN_UNGUARDED_AVAILABILITY = YES_AGGRESSIVE;
				CLANG_WARN_UNREACHABLE_CODE = YES;
				CLANG_WARN__DUPLICATE_METHOD_MATCH = YES;
				CODE_SIGN_IDENTITY = "Mac Developer";
				COPY_PHASE_STRIP = NO;
				DEBUG_INFORMATION_FORMAT = dwarf;
				ENABLE_STRICT_OBJC_MSGSEND = YES;
				ENABLE_TESTABILITY = YES;
				GCC_C_LANGUAGE_STANDARD = gnu11;
				GCC_DYNAMIC_NO_PIC = NO;
				GCC_NO_COMMON_BLOCKS = YES;
				GCC_OPTIMIZATION_LEVEL = 0;
				GCC_PREPROCESSOR_DEFINITIONS = (
					"DEBUG=1",
					"$(inherited)",
				);
				GCC_WARN_64_TO_32_BIT_CONVERSION = YES;
				GCC_WARN_ABOUT_RETURN_TYPE = YES_ERROR;
				GCC_WARN_UNDECLARED_SELECTOR = YES;
				GCC_WARN_UNINITIALIZED_AUTOS = YES_AGGRESSIVE;
				GCC_WARN_UNUSED_FUNCTION = YES;
				GCC_WARN_UNUSED_VARIABLE = YES;
				MACOSX_DEPLOYMENT_TARGET = 10.14;
				MTL_ENABLE_DEBUG_INFO = INCLUDE_SOURCE;
				MTL_FAST_MATH = YES;
				ONLY_ACTIVE_ARCH = YES;
				SDKROOT = macosx;
			};
			name = Debug;
		};
		891CC3CD2176333600C71191 /* Release */ = {
			isa = XCBuildConfiguration;
			buildSettings = {
				ALWAYS_SEARCH_USER_PATHS = NO;
				CLANG_ANALYZER_NONNULL = YES;
				CLANG_ANALYZER_NUMBER_OBJECT_CONVERSION = YES_AGGRESSIVE;
				CLANG_CXX_LANGUAGE_STANDARD = "gnu++14";
				CLANG_CXX_LIBRARY = "libc++";
				CLANG_ENABLE_MODULES = YES;
				CLANG_ENABLE_OBJC_ARC = YES;
				CLANG_ENABLE_OBJC_WEAK = YES;
				CLANG_WARN_BLOCK_CAPTURE_AUTORELEASING = YES;
				CLANG_WARN_BOOL_CONVERSION = YES;
				CLANG_WARN_COMMA = YES;
				CLANG_WARN_CONSTANT_CONVERSION = YES;
				CLANG_WARN_DEPRECATED_OBJC_IMPLEMENTATIONS = YES;
				CLANG_WARN_DIRECT_OBJC_ISA_USAGE = YES_ERROR;
				CLANG_WARN_DOCUMENTATION_COMMENTS = YES;
				CLANG_WARN_EMPTY_BODY = YES;
				CLANG_WARN_ENUM_CONVERSION = YES;
				CLANG_WARN_INFINITE_RECURSION = YES;
				CLANG_WARN_INT_CONVERSION = YES;
				CLANG_WARN_NON_LITERAL_NULL_CONVERSION = YES;
				CLANG_WARN_OBJC_IMPLICIT_RETAIN_SELF = YES;
				CLANG_WARN_OBJC_LITERAL_CONVERSION = YES;
				CLANG_WARN_OBJC_ROOT_CLASS = YES_ERROR;
				CLANG_WARN_RANGE_LOOP_ANALYSIS = YES;
				CLANG_WARN_STRICT_PROTOTYPES = YES;
				CLANG_WARN_SUSPICIOUS_MOVE = YES;
				CLANG_WARN_UNGUARDED_AVAILABILITY = YES_AGGRESSIVE;
				CLANG_WARN_UNREACHABLE_CODE = YES;
				CLANG_WARN__DUPLICATE_METHOD_MATCH = YES;
				CODE_SIGN_IDENTITY = "Mac Developer";
				COPY_PHASE_STRIP = NO;
				DEBUG_INFORMATION_FORMAT = "dwarf-with-dsym";
				ENABLE_NS_ASSERTIONS = NO;
				ENABLE_STRICT_OBJC_MSGSEND = YES;
				GCC_C_LANGUAGE_STANDARD = gnu11;
				GCC_NO_COMMON_BLOCKS = YES;
				GCC_WARN_64_TO_32_BIT_CONVERSION = YES;
				GCC_WARN_ABOUT_RETURN_TYPE = YES_ERROR;
				GCC_WARN_UNDECLARED_SELECTOR = YES;
				GCC_WARN_UNINITIALIZED_AUTOS = YES_AGGRESSIVE;
				GCC_WARN_UNUSED_FUNCTION = YES;
				GCC_WARN_UNUSED_VARIABLE = YES;
				MACOSX_DEPLOYMENT_TARGET = 10.14;
				MTL_ENABLE_DEBUG_INFO = NO;
				MTL_FAST_MATH = YES;
				SDKROOT = macosx;
			};
			name = Release;
		};
		891CC3CF2176333600C71191 /* Debug */ = {
			isa = XCBuildConfiguration;
			buildSettings = {
				CODE_SIGN_STYLE = Automatic;
				DEVELOPMENT_TEAM = FNYH7RRK6K;
				PRODUCT_NAME = "$(TARGET_NAME)";
			};
			name = Debug;
		};
		891CC3D02176333600C71191 /* Release */ = {
			isa = XCBuildConfiguration;
			buildSettings = {
				CODE_SIGN_STYLE = Automatic;
				DEVELOPMENT_TEAM = FNYH7RRK6K;
				PRODUCT_NAME = "$(TARGET_NAME)";
			};
			name = Release;
		};
/* End XCBuildConfiguration section */

/* Begin XCConfigurationList section */
		891CC3C22176333600C71191 /* Build configuration list for PBXProject "carify" */ = {
			isa = XCConfigurationList;
			buildConfigurations = (
				891CC3CC2176333600C71191 /* Debug */,
				891CC3CD2176333600C71191 /* Release */,
			);
			defaultConfigurationIsVisible = 0;
			defaultConfigurationName = Release;
		};
		891CC3CE2176333600C71191 /* Build configuration list for PBXNativeTarget "carify" */ = {
			isa = XCConfigurationList;
			buildConfigurations = (
				891CC3CF2176333600C71191 /* Debug */,
				891CC3D02176333600C71191 /* Release */,
			);
			defaultConfigurationIsVisible = 0;
			defaultConfigurationName = Release;
		};
/* End XCConfigurationList section */
	};
	rootObject = 891CC3BF2176333600C71191 /* Project object */;
}
